
Microsoft Visual Studio Solution File, Format Version 12.00
# Visual Studio Version 17
VisualStudioVersion = 17.4.33122.133
MinimumVisualStudioVersion = 10.0.40219.1
Project("{8BC9CEB8-8B4A-11D0-8D11-00A0C91BC942}") = "Lab7_ex1", "Lab7_ex1.vcxproj", "{4B487F1B-9984-4DDF-BF29-9EC1958DFEF1}"
EndProject
Global
	GlobalSection(SolutionConfigurationPlatforms) = preSolution
		Debug|x64 = Debug|x64
		Debug|x86 = Debug|x86
		Release|x64 = Release|x64
		Release|x86 = Release|x86
	EndGlobalSection
	GlobalSection(ProjectConfigurationPlatforms) = postSolution
		{4B487F1B-9984-4DDF-BF29-9EC1958DFEF1}.Debug|x64.ActiveCfg = Debug|x64
		{4B487F1B-9984-4DDF-BF29-9EC1958DFEF1}.Debug|x64.Build.0 = Debug|x64
		{4B487F1B-9984-4DDF-BF29-9EC1958DFEF1}.Debug|x86.ActiveCfg = Debug|Win32
		{4B487F1B-9984-4DDF-BF29-9EC1958DFEF1}.Debug|x86.Build.0 = Debug|Win32
		{4B487F1B-9984-4DDF-BF29-9EC1958DFEF1}.Release|x64.ActiveCfg = Release|x64
		{4B487F1B-9984-4DDF-BF29-9EC1958DFEF1}.Release|x64.Build.0 = Release|x64
		{4B487F1B-9984-4DDF-BF29-9EC1958DFEF1}.Release|x86.ActiveCfg = Release|Win32
		{4B487F1B-9984-4DDF-BF29-9EC1958DFEF1}.Release|x86.Build.0 = Release|Win32
	EndGlobalSection
	GlobalSection(SolutionProperties) = preSolution
		HideSolutionNode = FALSE
	EndGlobalSection
	GlobalSection(ExtensibilityGlobals) = postSolution
		SolutionGuid = {AFB60328-0D3E-44B6-BF2A-4BE8BEF2E3DC}
	EndGlobalSection
EndGlobal
